// !$*UTF8*$!
{
	archiveVersion = 1;
	classes = {
	};
	objectVersion = 77;
	objects = {

/* Begin PBXContainerItemProxy section */
		01A8DA8C2DDA5C0900F56A4D /* PBXContainerItemProxy */ = {
			isa = PBXContainerItemProxy;
			containerPortal = 01A8DA742DDA5C0800F56A4D /* Project object */;
			proxyType = 1;
			remoteGlobalIDString = 01A8DA7B2DDA5C0800F56A4D;
			remoteInfo = SoapboxCaddieAppV01;
		};
		01A8DA962DDA5C0900F56A4D /* PBXContainerItemProxy */ = {
			isa = PBXContainerItemProxy;
			containerPortal = 01A8DA742DDA5C0800F56A4D /* Project object */;
			proxyType = 1;
			remoteGlobalIDString = 01A8DA7B2DDA5C0800F56A4D;
			remoteInfo = SoapboxCaddieAppV01;
		};
/* End PBXContainerItemProxy section */

/* Begin PBXFileReference section */
		01A8DA7C2DDA5C0800F56A4D /* SoapboxCaddieAppV01.app */ = {isa = PBXFileReference; explicitFileType = wrapper.application; includeInIndex = 0; path = SoapboxCaddieAppV01.app; sourceTree = BUILT_PRODUCTS_DIR; };
		01A8DA8B2DDA5C0900F56A4D /* SoapboxCaddieAppV01Tests.xctest */ = {isa = PBXFileReference; explicitFileType = wrapper.cfbundle; includeInIndex = 0; path = SoapboxCaddieAppV01Tests.xctest; sourceTree = BUILT_PRODUCTS_DIR; };
		01A8DA952DDA5C0900F56A4D /* SoapboxCaddieAppV01UITests.xctest */ = {isa = PBXFileReference; explicitFileType = wrapper.cfbundle; includeInIndex = 0; path = SoapboxCaddieAppV01UITests.xctest; sourceTree = BUILT_PRODUCTS_DIR; };
/* End PBXFileReference section */

/* Begin PBXFileSystemSynchronizedRootGroup section */
		01A8DA7E2DDA5C0800F56A4D /* SoapboxCaddieAppV01 */ = {
			isa = PBXFileSystemSynchronizedRootGroup;
			path = SoapboxCaddieAppV01;
			sourceTree = "<group>";
		};
		01A8DA8E2DDA5C0900F56A4D /* SoapboxCaddieAppV01Tests */ = {
			isa = PBXFileSystemSynchronizedRootGroup;
			path = SoapboxCaddieAppV01Tests;
			sourceTree = "<group>";
		};
		01A8DA982DDA5C0900F56A4D /* SoapboxCaddieAppV01UITests */ = {
			isa = PBXFileSystemSynchronizedRootGroup;
			path = SoapboxCaddieAppV01UITests;
			sourceTree = "<group>";
		};
/* End PBXFileSystemSynchronizedRootGroup section */

/* Begin PBXFrameworksBuildPhase section */
		01A8DA792DDA5C0800F56A4D /* Frameworks */ = {
			isa = PBXFrameworksBuildPhase;
			buildActionMask = 2147483647;
			files = (
			);
			runOnlyForDeploymentPostprocessing = 0;
		};
		01A8DA882DDA5C0900F56A4D /* Frameworks */ = {
			isa = PBXFrameworksBuildPhase;
			buildActionMask = 2147483647;
			files = (
			);
			runOnlyForDeploymentPostprocessing = 0;
		};
		01A8DA922DDA5C0900F56A4D /* Frameworks */ = {
			isa = PBXFrameworksBuildPhase;
			buildActionMask = 2147483647;
			files = (
			);
			runOnlyForDeploymentPostprocessing = 0;
		};
/* End PBXFrameworksBuildPhase section */

/* Begin PBXGroup section */
		01A8DA732DDA5C0800F56A4D = {
			isa = PBXGroup;
			children = (
				01A8DA7E2DDA5C0800F56A4D /* SoapboxCaddieAppV01 */,
				01A8DA8E2DDA5C0900F56A4D /* SoapboxCaddieAppV01Tests */,
				01A8DA982DDA5C0900F56A4D /* SoapboxCaddieAppV01UITests */,
				01A8DA7D2DDA5C0800F56A4D /* Products */,
			);
			sourceTree = "<group>";
		};
		01A8DA7D2DDA5C0800F56A4D /* Products */ = {
			isa = PBXGroup;
			children = (
				01A8DA7C2DDA5C0800F56A4D /* SoapboxCaddieAppV01.app */,
				01A8DA8B2DDA5C0900F56A4D /* SoapboxCaddieAppV01Tests.xctest */,
				01A8DA952DDA5C0900F56A4D /* SoapboxCaddieAppV01UITests.xctest */,
			);
			name = Products;
			sourceTree = "<group>";
		};
/* End PBXGroup section */

/* Begin PBXNativeTarget section */
		01A8DA7B2DDA5C0800F56A4D /* SoapboxCaddieAppV01 */ = {
			isa = PBXNativeTarget;
			buildConfigurationList = 01A8DA9F2DDA5C0900F56A4D /* Build configuration list for PBXNativeTarget "SoapboxCaddieAppV01" */;
			buildPhases = (
				01A8DA782DDA5C0800F56A4D /* Sources */,
				01A8DA792DDA5C0800F56A4D /* Frameworks */,
				01A8DA7A2DDA5C0800F56A4D /* Resources */,
			);
			buildRules = (
			);
			dependencies = (
			);
			fileSystemSynchronizedGroups = (
				01A8DA7E2DDA5C0800F56A4D /* SoapboxCaddieAppV01 */,
			);
			name = SoapboxCaddieAppV01;
			packageProductDependencies = (
			);
			productName = SoapboxCaddieAppV01;
			productReference = 01A8DA7C2DDA5C0800F56A4D /* SoapboxCaddieAppV01.app */;
			productType = "com.apple.product-type.application";
		};
		01A8DA8A2DDA5C0900F56A4D /* SoapboxCaddieAppV01Tests */ = {
			isa = PBXNativeTarget;
			buildConfigurationList = 01A8DAA22DDA5C0900F56A4D /* Build configuration list for PBXNativeTarget "SoapboxCaddieAppV01Tests" */;
			buildPhases = (
				01A8DA872DDA5C0900F56A4D /* Sources */,
				01A8DA882DDA5C0900F56A4D /* Frameworks */,
				01A8DA892DDA5C0900F56A4D /* Resources */,
			);
			buildRules = (
			);
			dependencies = (
				01A8DA8D2DDA5C0900F56A4D /* PBXTargetDependency */,
			);
			fileSystemSynchronizedGroups = (
				01A8DA8E2DDA5C0900F56A4D /* SoapboxCaddieAppV01Tests */,
			);
			name = SoapboxCaddieAppV01Tests;
			packageProductDependencies = (
			);
			productName = SoapboxCaddieAppV01Tests;
			productReference = 01A8DA8B2DDA5C0900F56A4D /* SoapboxCaddieAppV01Tests.xctest */;
			productType = "com.apple.product-type.bundle.unit-test";
		};
		01A8DA942DDA5C0900F56A4D /* SoapboxCaddieAppV01UITests */ = {
			isa = PBXNativeTarget;
			buildConfigurationList = 01A8DAA52DDA5C0900F56A4D /* Build configuration list for PBXNativeTarget "SoapboxCaddieAppV01UITests" */;
			buildPhases = (
				01A8DA912DDA5C0900F56A4D /* Sources */,
				01A8DA922DDA5C0900F56A4D /* Frameworks */,
				01A8DA932DDA5C0900F56A4D /* Resources */,
			);
			buildRules = (
			);
			dependencies = (
				01A8DA972DDA5C0900F56A4D /* PBXTargetDependency */,
			);
			fileSystemSynchronizedGroups = (
				01A8DA982DDA5C0900F56A4D /* SoapboxCaddieAppV01UITests */,
			);
			name = SoapboxCaddieAppV01UITests;
			packageProductDependencies = (
			);
			productName = SoapboxCaddieAppV01UITests;
			productReference = 01A8DA952DDA5C0900F56A4D /* SoapboxCaddieAppV01UITests.xctest */;
			productType = "com.apple.product-type.bundle.ui-testing";
		};
/* End PBXNativeTarget section */

/* Begin PBXProject section */
		01A8DA742DDA5C0800F56A4D /* Project object */ = {
			isa = PBXProject;
			attributes = {
				BuildIndependentTargetsInParallel = 1;
				LastSwiftUpdateCheck = 1630;
				LastUpgradeCheck = 1630;
				TargetAttributes = {
					01A8DA7B2DDA5C0800F56A4D = {
						CreatedOnToolsVersion = 16.3;
					};
					01A8DA8A2DDA5C0900F56A4D = {
						CreatedOnToolsVersion = 16.3;
						TestTargetID = 01A8DA7B2DDA5C0800F56A4D;
					};
					01A8DA942DDA5C0900F56A4D = {
						CreatedOnToolsVersion = 16.3;
						TestTargetID = 01A8DA7B2DDA5C0800F56A4D;
					};
				};
			};
			buildConfigurationList = 01A8DA772DDA5C0800F56A4D /* Build configuration list for PBXProject "SoapboxCaddieAppV01" */;
			developmentRegion = en;
			hasScannedForEncodings = 0;
			knownRegions = (
				en,
				Base,
			);
			mainGroup = 01A8DA732DDA5C0800F56A4D;
			minimizedProjectReferenceProxies = 1;
			preferredProjectObjectVersion = 77;
			productRefGroup = 01A8DA7D2DDA5C0800F56A4D /* Products */;
			projectDirPath = "";
			projectRoot = "";
			targets = (
				01A8DA7B2DDA5C0800F56A4D /* SoapboxCaddieAppV01 */,
				01A8DA8A2DDA5C0900F56A4D /* SoapboxCaddieAppV01Tests */,
				01A8DA942DDA5C0900F56A4D /* SoapboxCaddieAppV01UITests */,
			);
		};
/* End PBXProject section */

/* Begin PBXResourcesBuildPhase section */
		01A8DA7A2DDA5C0800F56A4D /* Resources */ = {
			isa = PBXResourcesBuildPhase;
			buildActionMask = 2147483647;
			files = (
			);
			runOnlyForDeploymentPostprocessing = 0;
		};
		01A8DA892DDA5C0900F56A4D /* Resources */ = {
			isa = PBXResourcesBuildPhase;
			buildActionMask = 2147483647;
			files = (
			);
			runOnlyForDeploymentPostprocessing = 0;
		};
		01A8DA932DDA5C0900F56A4D /* Resources */ = {
			isa = PBXResourcesBuildPhase;
			buildActionMask = 2147483647;
			files = (
			);
			runOnlyForDeploymentPostprocessing = 0;
		};
/* End PBXResourcesBuildPhase section */

/* Begin PBXSourcesBuildPhase section */
		01A8DA782DDA5C0800F56A4D /* Sources */ = {
			isa = PBXSourcesBuildPhase;
			buildActionMask = 2147483647;
			files = (
			);
			runOnlyForDeploymentPostprocessing = 0;
		};
		01A8DA872DDA5C0900F56A4D /* Sources */ = {
			isa = PBXSourcesBuildPhase;
			buildActionMask = 2147483647;
			files = (
			);
			runOnlyForDeploymentPostprocessing = 0;
		};
		01A8DA912DDA5C0900F56A4D /* Sources */ = {
			isa = PBXSourcesBuildPhase;
			buildActionMask = 2147483647;
			files = (
			);
			runOnlyForDeploymentPostprocessing = 0;
		};
/* End PBXSourcesBuildPhase section */

/* Begin PBXTargetDependency section */
		01A8DA8D2DDA5C0900F56A4D /* PBXTargetDependency */ = {
			isa = PBXTargetDependency;
			target = 01A8DA7B2DDA5C0800F56A4D /* SoapboxCaddieAppV01 */;
			targetProxy = 01A8DA8C2DDA5C0900F56A4D /* PBXContainerItemProxy */;
		};
		01A8DA972DDA5C0900F56A4D /* PBXTargetDependency */ = {
			isa = PBXTargetDependency;
			target = 01A8DA7B2DDA5C0800F56A4D /* SoapboxCaddieAppV01 */;
			targetProxy = 01A8DA962DDA5C0900F56A4D /* PBXContainerItemProxy */;
		};
/* End PBXTargetDependency section */

/* Begin XCBuildConfiguration section */
		01A8DA9D2DDA5C0900F56A4D /* Debug */ = {
			isa = XCBuildConfiguration;
			buildSettings = {
				ALWAYS_SEARCH_USER_PATHS = NO;
				ASSETCATALOG_COMPILER_GENERATE_SWIFT_ASSET_SYMBOL_EXTENSIONS = YES;
				CLANG_ANALYZER_NONNULL = YES;
				CLANG_ANALYZER_NUMBER_OBJECT_CONVERSION = YES_AGGRESSIVE;
				CLANG_CXX_LANGUAGE_STANDARD = "gnu++20";
				CLANG_ENABLE_MODULES = YES;
				CLANG_ENABLE_OBJC_ARC = YES;
				CLANG_ENABLE_OBJC_WEAK = YES;
				CLANG_WARN_BLOCK_CAPTURE_AUTORELEASING = YES;
				CLANG_WARN_BOOL_CONVERSION = YES;
				CLANG_WARN_COMMA = YES;
				CLANG_WARN_CONSTANT_CONVERSION = YES;
				CLANG_WARN_DEPRECATED_OBJC_IMPLEMENTATIONS = YES;
				CLANG_WARN_DIRECT_OBJC_ISA_USAGE = YES_ERROR;
				CLANG_WARN_DOCUMENTATION_COMMENTS = YES;
				CLANG_WARN_EMPTY_BODY = YES;
				CLANG_WARN_ENUM_CONVERSION = YES;
				CLANG_WARN_INFINITE_RECURSION = YES;
				CLANG_WARN_INT_CONVERSION = YES;
				CLANG_WARN_NON_LITERAL_NULL_CONVERSION = YES;
				CLANG_WARN_OBJC_IMPLICIT_RETAIN_SELF = YES;
				CLANG_WARN_OBJC_LITERAL_CONVERSION = YES;
				CLANG_WARN_OBJC_ROOT_CLASS = YES_ERROR;
				CLANG_WARN_QUOTED_INCLUDE_IN_FRAMEWORK_HEADER = YES;
				CLANG_WARN_RANGE_LOOP_ANALYSIS = YES;
				CLANG_WARN_STRICT_PROTOTYPES = YES;
				CLANG_WARN_SUSPICIOUS_MOVE = YES;
				CLANG_WARN_UNGUARDED_AVAILABILITY = YES_AGGRESSIVE;
				CLANG_WARN_UNREACHABLE_CODE = YES;
				CLANG_WARN__DUPLICATE_METHOD_MATCH = YES;
				COPY_PHASE_STRIP = NO;
				DEBUG_INFORMATION_FORMAT = dwarf;
				DEVELOPMENT_TEAM = 5SVQF7W7C3;
				ENABLE_STRICT_OBJC_MSGSEND = YES;
				ENABLE_TESTABILITY = YES;
				ENABLE_USER_SCRIPT_SANDBOXING = YES;
				GCC_C_LANGUAGE_STANDARD = gnu17;
				GCC_DYNAMIC_NO_PIC = NO;
				GCC_NO_COMMON_BLOCKS = YES;
				GCC_OPTIMIZATION_LEVEL = 0;
				GCC_PREPROCESSOR_DEFINITIONS = (
					"DEBUG=1",
					"$(inherited)",
				);
				GCC_WARN_64_TO_32_BIT_CONVERSION = YES;
				GCC_WARN_ABOUT_RETURN_TYPE = YES_ERROR;
				GCC_WARN_UNDECLARED_SELECTOR = YES;
				GCC_WARN_UNINITIALIZED_AUTOS = YES_AGGRESSIVE;
				GCC_WARN_UNUSED_FUNCTION = YES;
				GCC_WARN_UNUSED_VARIABLE = YES;
				IPHONEOS_DEPLOYMENT_TARGET = 18.4;
				LOCALIZATION_PREFERS_STRING_CATALOGS = YES;
				MTL_ENABLE_DEBUG_INFO = INCLUDE_SOURCE;
				MTL_FAST_MATH = YES;
				ONLY_ACTIVE_ARCH = YES;
				SDKROOT = iphoneos;
				SWIFT_ACTIVE_COMPILATION_CONDITIONS = "DEBUG $(inherited)";
				SWIFT_OPTIMIZATION_LEVEL = "-Onone";
			};
			name = Debug;
		};
		01A8DA9E2DDA5C0900F56A4D /* Release */ = {
			isa = XCBuildConfiguration;
			buildSettings = {
				ALWAYS_SEARCH_USER_PATHS = NO;
				ASSETCATALOG_COMPILER_GENERATE_SWIFT_ASSET_SYMBOL_EXTENSIONS = YES;
				CLANG_ANALYZER_NONNULL = YES;
				CLANG_ANALYZER_NUMBER_OBJECT_CONVERSION = YES_AGGRESSIVE;
				CLANG_CXX_LANGUAGE_STANDARD = "gnu++20";
				CLANG_ENABLE_MODULES = YES;
				CLANG_ENABLE_OBJC_ARC = YES;
				CLANG_ENABLE_OBJC_WEAK = YES;
				CLANG_WARN_BLOCK_CAPTURE_AUTORELEASING = YES;
				CLANG_WARN_BOOL_CONVERSION = YES;
				CLANG_WARN_COMMA = YES;
				CLANG_WARN_CONSTANT_CONVERSION = YES;
				CLANG_WARN_DEPRECATED_OBJC_IMPLEMENTATIONS = YES;
				CLANG_WARN_DIRECT_OBJC_ISA_USAGE = YES_ERROR;
				CLANG_WARN_DOCUMENTATION_COMMENTS = YES;
				CLANG_WARN_EMPTY_BODY = YES;
				CLANG_WARN_ENUM_CONVERSION = YES;
				CLANG_WARN_INFINITE_RECURSION = YES;
				CLANG_WARN_INT_CONVERSION = YES;
				CLANG_WARN_NON_LITERAL_NULL_CONVERSION = YES;
				CLANG_WARN_OBJC_IMPLICIT_RETAIN_SELF = YES;
				CLANG_WARN_OBJC_LITERAL_CONVERSION = YES;
				CLANG_WARN_OBJC_ROOT_CLASS = YES_ERROR;
				CLANG_WARN_QUOTED_INCLUDE_IN_FRAMEWORK_HEADER = YES;
				CLANG_WARN_RANGE_LOOP_ANALYSIS = YES;
				CLANG_WARN_STRICT_PROTOTYPES = YES;
				CLANG_WARN_SUSPICIOUS_MOVE = YES;
				CLANG_WARN_UNGUARDED_AVAILABILITY = YES_AGGRESSIVE;
				CLANG_WARN_UNREACHABLE_CODE = YES;
				CLANG_WARN__DUPLICATE_METHOD_MATCH = YES;
				COPY_PHASE_STRIP = NO;
				DEBUG_INFORMATION_FORMAT = "dwarf-with-dsym";
				DEVELOPMENT_TEAM = 5SVQF7W7C3;
				ENABLE_NS_ASSERTIONS = NO;
				ENABLE_STRICT_OBJC_MSGSEND = YES;
				ENABLE_USER_SCRIPT_SANDBOXING = YES;
				GCC_C_LANGUAGE_STANDARD = gnu17;
				GCC_NO_COMMON_BLOCKS = YES;
				GCC_WARN_64_TO_32_BIT_CONVERSION = YES;
				GCC_WARN_ABOUT_RETURN_TYPE = YES_ERROR;
				GCC_WARN_UNDECLARED_SELECTOR = YES;
				GCC_WARN_UNINITIALIZED_AUTOS = YES_AGGRESSIVE;
				GCC_WARN_UNUSED_FUNCTION = YES;
				GCC_WARN_UNUSED_VARIABLE = YES;
				IPHONEOS_DEPLOYMENT_TARGET = 18.4;
				LOCALIZATION_PREFERS_STRING_CATALOGS = YES;
				MTL_ENABLE_DEBUG_INFO = NO;
				MTL_FAST_MATH = YES;
				SDKROOT = iphoneos;
				SWIFT_COMPILATION_MODE = wholemodule;
				VALIDATE_PRODUCT = YES;
			};
			name = Release;
		};
		01A8DAA02DDA5C0900F56A4D /* Debug */ = {
			isa = XCBuildConfiguration;
			buildSettings = {
				ASSETCATALOG_COMPILER_APPICON_NAME = AppIcon;
				ASSETCATALOG_COMPILER_GLOBAL_ACCENT_COLOR_NAME = AccentColor;
				CODE_SIGN_STYLE = Automatic;
				CURRENT_PROJECT_VERSION = 1;
				DEVELOPMENT_TEAM = 5SVQF7W7C3;
				ENABLE_PREVIEWS = YES;
				GENERATE_INFOPLIST_FILE = YES;
				INFOPLIST_KEY_UIApplicationSceneManifest_Generation = YES;
				INFOPLIST_KEY_UIApplicationSupportsIndirectInputEvents = YES;
				INFOPLIST_KEY_UILaunchScreen_Generation = YES;
				INFOPLIST_KEY_UISupportedInterfaceOrientations_iPad = "UIInterfaceOrientationPortrait UIInterfaceOrientationPortraitUpsideDown UIInterfaceOrientationLandscapeLeft UIInterfaceOrientationLandscapeRight";
				INFOPLIST_KEY_UISupportedInterfaceOrientations_iPhone = "UIInterfaceOrientationPortrait UIInterfaceOrientationLandscapeLeft UIInterfaceOrientationLandscapeRight";
				LD_RUNPATH_SEARCH_PATHS = (
					"$(inherited)",
					"@executable_path/Frameworks",
				);
				MARKETING_VERSION = 1.0;
				PRODUCT_BUNDLE_IDENTIFIER = ai.zactonics.SoapboxCaddieAppV01;
				PRODUCT_NAME = "$(TARGET_NAME)";
				SWIFT_EMIT_LOC_STRINGS = YES;
				SWIFT_VERSION = 5.0;
				TARGETED_DEVICE_FAMILY = "1,2";
			};
			name = Debug;
		};
		01A8DAA12DDA5C0900F56A4D /* Release */ = {
			isa = XCBuildConfiguration;
			buildSettings = {
				ASSETCATALOG_COMPILER_APPICON_NAME = AppIcon;
				ASSETCATALOG_COMPILER_GLOBAL_ACCENT_COLOR_NAME = AccentColor;
				CODE_SIGN_STYLE = Automatic;
				CURRENT_PROJECT_VERSION = 1;
				DEVELOPMENT_TEAM = 5SVQF7W7C3;
				ENABLE_PREVIEWS = YES;
				GENERATE_INFOPLIST_FILE = YES;
				INFOPLIST_KEY_UIApplicationSceneManifest_Generation = YES;
				INFOPLIST_KEY_UIApplicationSupportsIndirectInputEvents = YES;
				INFOPLIST_KEY_UILaunchScreen_Generation = YES;
				INFOPLIST_KEY_UISupportedInterfaceOrientations_iPad = "UIInterfaceOrientationPortrait UIInterfaceOrientationPortraitUpsideDown UIInterfaceOrientationLandscapeLeft UIInterfaceOrientationLandscapeRight";
				INFOPLIST_KEY_UISupportedInterfaceOrientations_iPhone = "UIInterfaceOrientationPortrait UIInterfaceOrientationLandscapeLeft UIInterfaceOrientationLandscapeRight";
				LD_RUNPATH_SEARCH_PATHS = (
					"$(inherited)",
					"@executable_path/Frameworks",
				);
				MARKETING_VERSION = 1.0;
				PRODUCT_BUNDLE_IDENTIFIER = ai.zactonics.SoapboxCaddieAppV01;
				PRODUCT_NAME = "$(TARGET_NAME)";
				SWIFT_EMIT_LOC_STRINGS = YES;
				SWIFT_VERSION = 5.0;
				TARGETED_DEVICE_FAMILY = "1,2";
			};
			name = Release;
		};
		01A8DAA32DDA5C0900F56A4D /* Debug */ = {
			isa = XCBuildConfiguration;
			buildSettings = {
				BUNDLE_LOADER = "$(TEST_HOST)";
				CODE_SIGN_STYLE = Automatic;
				CURRENT_PROJECT_VERSION = 1;
				DEVELOPMENT_TEAM = 5SVQF7W7C3;
				GENERATE_INFOPLIST_FILE = YES;
				IPHONEOS_DEPLOYMENT_TARGET = 18.4;
				MARKETING_VERSION = 1.0;
				PRODUCT_BUNDLE_IDENTIFIER = ai.zactonics.SoapboxCaddieAppV01Tests;
				PRODUCT_NAME = "$(TARGET_NAME)";
				SWIFT_EMIT_LOC_STRINGS = NO;
				SWIFT_VERSION = 5.0;
				TARGETED_DEVICE_FAMILY = "1,2";
				TEST_HOST = "$(BUILT_PRODUCTS_DIR)/SoapboxCaddieAppV01.app/$(BUNDLE_EXECUTABLE_FOLDER_PATH)/SoapboxCaddieAppV01";
			};
			name = Debug;
		};
		01A8DAA42DDA5C0900F56A4D /* Release */ = {
			isa = XCBuildConfiguration;
			buildSettings = {
				BUNDLE_LOADER = "$(TEST_HOST)";
				CODE_SIGN_STYLE = Automatic;
				CURRENT_PROJECT_VERSION = 1;
				DEVELOPMENT_TEAM = 5SVQF7W7C3;
				GENERATE_INFOPLIST_FILE = YES;
				IPHONEOS_DEPLOYMENT_TARGET = 18.4;
				MARKETING_VERSION = 1.0;
				PRODUCT_BUNDLE_IDENTIFIER = ai.zactonics.SoapboxCaddieAppV01Tests;
				PRODUCT_NAME = "$(TARGET_NAME)";
				SWIFT_EMIT_LOC_STRINGS = NO;
				SWIFT_VERSION = 5.0;
				TARGETED_DEVICE_FAMILY = "1,2";
				TEST_HOST = "$(BUILT_PRODUCTS_DIR)/SoapboxCaddieAppV01.app/$(BUNDLE_EXECUTABLE_FOLDER_PATH)/SoapboxCaddieAppV01";
			};
			name = Release;
		};
		01A8DAA62DDA5C0900F56A4D /* Debug */ = {
			isa = XCBuildConfiguration;
			buildSettings = {
				CODE_SIGN_STYLE = Automatic;
				CURRENT_PROJECT_VERSION = 1;
				DEVELOPMENT_TEAM = 5SVQF7W7C3;
				GENERATE_INFOPLIST_FILE = YES;
				MARKETING_VERSION = 1.0;
				PRODUCT_BUNDLE_IDENTIFIER = ai.zactonics.SoapboxCaddieAppV01UITests;
				PRODUCT_NAME = "$(TARGET_NAME)";
				SWIFT_EMIT_LOC_STRINGS = NO;
				SWIFT_VERSION = 5.0;
				TARGETED_DEVICE_FAMILY = "1,2";
				TEST_TARGET_NAME = SoapboxCaddieAppV01;
			};
			name = Debug;
		};
		01A8DAA72DDA5C0900F56A4D /* Release */ = {
			isa = XCBuildConfiguration;
			buildSettings = {
				CODE_SIGN_STYLE = Automatic;
				CURRENT_PROJECT_VERSION = 1;
				DEVELOPMENT_TEAM = 5SVQF7W7C3;
				GENERATE_INFOPLIST_FILE = YES;
				MARKETING_VERSION = 1.0;
				PRODUCT_BUNDLE_IDENTIFIER = ai.zactonics.SoapboxCaddieAppV01UITests;
				PRODUCT_NAME = "$(TARGET_NAME)";
				SWIFT_EMIT_LOC_STRINGS = NO;
				SWIFT_VERSION = 5.0;
				TARGETED_DEVICE_FAMILY = "1,2";
				TEST_TARGET_NAME = SoapboxCaddieAppV01;
			};
			name = Release;
		};
/* End XCBuildConfiguration section */

/* Begin XCConfigurationList section */
		01A8DA772DDA5C0800F56A4D /* Build configuration list for PBXProject "SoapboxCaddieAppV01" */ = {
			isa = XCConfigurationList;
			buildConfigurations = (
				01A8DA9D2DDA5C0900F56A4D /* Debug */,
				01A8DA9E2DDA5C0900F56A4D /* Release */,
			);
			defaultConfigurationIsVisible = 0;
			defaultConfigurationName = Release;
		};
		01A8DA9F2DDA5C0900F56A4D /* Build configuration list for PBXNativeTarget "SoapboxCaddieAppV01" */ = {
			isa = XCConfigurationList;
			buildConfigurations = (
				01A8DAA02DDA5C0900F56A4D /* Debug */,
				01A8DAA12DDA5C0900F56A4D /* Release */,
			);
			defaultConfigurationIsVisible = 0;
			defaultConfigurationName = Release;
		};
		01A8DAA22DDA5C0900F56A4D /* Build configuration list for PBXNativeTarget "SoapboxCaddieAppV01Tests" */ = {
			isa = XCConfigurationList;
			buildConfigurations = (
				01A8DAA32DDA5C0900F56A4D /* Debug */,
				01A8DAA42DDA5C0900F56A4D /* Release */,
			);
			defaultConfigurationIsVisible = 0;
			defaultConfigurationName = Release;
		};
		01A8DAA52DDA5C0900F56A4D /* Build configuration list for PBXNativeTarget "SoapboxCaddieAppV01UITests" */ = {
			isa = XCConfigurationList;
			buildConfigurations = (
				01A8DAA62DDA5C0900F56A4D /* Debug */,
				01A8DAA72DDA5C0900F56A4D /* Release */,
			);
			defaultConfigurationIsVisible = 0;
			defaultConfigurationName = Release;
		};
/* End XCConfigurationList section */
	};
	rootObject = 01A8DA742DDA5C0800F56A4D /* Project object */;
}
